// !$*UTF8*$!
{
	archiveVersion = 1;
	classes = {
	};
	objectVersion = 46;
	objects = {

/* Begin PBXBuildFile section */
		1BE6E1951C6B3623009D1838 /* AppDelegate.swift in Sources */ = {isa = PBXBuildFile; fileRef = 1BE6E1941C6B3623009D1838 /* AppDelegate.swift */; };
		1BE6E1971C6B3623009D1838 /* ViewController.swift in Sources */ = {isa = PBXBuildFile; fileRef = 1BE6E1961C6B3623009D1838 /* ViewController.swift */; };
		1BE6E19A1C6B3623009D1838 /* Main.storyboard in Resources */ = {isa = PBXBuildFile; fileRef = 1BE6E1981C6B3623009D1838 /* Main.storyboard */; };
		1BE6E19C1C6B3623009D1838 /* Assets.xcassets in Resources */ = {isa = PBXBuildFile; fileRef = 1BE6E19B1C6B3623009D1838 /* Assets.xcassets */; };
		1BE6E19F1C6B3623009D1838 /* LaunchScreen.storyboard in Resources */ = {isa = PBXBuildFile; fileRef = 1BE6E19D1C6B3623009D1838 /* LaunchScreen.storyboard */; };
/* End PBXBuildFile section */

/* Begin PBXFileReference section */
		1BE6E1911C6B3623009D1838 /* Noughts and Crosses.app */ = {isa = PBXFileReference; explicitFileType = wrapper.application; includeInIndex = 0; path = "Noughts and Crosses.app"; sourceTree = BUILT_PRODUCTS_DIR; };
		1BE6E1941C6B3623009D1838 /* AppDelegate.swift */ = {isa = PBXFileReference; lastKnownFileType = sourcecode.swift; path = AppDelegate.swift; sourceTree = "<group>"; };
		1BE6E1961C6B3623009D1838 /* ViewController.swift */ = {isa = PBXFileReference; lastKnownFileType = sourcecode.swift; path = ViewController.swift; sourceTree = "<group>"; };
		1BE6E1991C6B3623009D1838 /* Base */ = {isa = PBXFileReference; lastKnownFileType = file.storyboard; name = Base; path = Base.lproj/Main.storyboard; sourceTree = "<group>"; };
		1BE6E19B1C6B3623009D1838 /* Assets.xcassets */ = {isa = PBXFileReference; lastKnownFileType = folder.assetcatalog; path = Assets.xcassets; sourceTree = "<group>"; };
		1BE6E19E1C6B3623009D1838 /* Base */ = {isa = PBXFileReference; lastKnownFileType = file.storyboard; name = Base; path = Base.lproj/LaunchScreen.storyboard; sourceTree = "<group>"; };
		1BE6E1A01C6B3623009D1838 /* Info.plist */ = {isa = PBXFileReference; lastKnownFileType = text.plist.xml; path = Info.plist; sourceTree = "<group>"; };
/* End PBXFileReference section */

/* Begin PBXFrameworksBuildPhase section */
		1BE6E18E1C6B3623009D1838 /* Frameworks */ = {
			isa = PBXFrameworksBuildPhase;
			buildActionMask = 2147483647;
			files = (
			);
			runOnlyForDeploymentPostprocessing = 0;
		};
/* End PBXFrameworksBuildPhase section */

/* Begin PBXGroup section */
		1BE6E1881C6B3623009D1838 = {
			isa = PBXGroup;
			children = (
				1BE6E1931C6B3623009D1838 /* Noughts and Crosses */,
				1BE6E1921C6B3623009D1838 /* Products */,
			);
			sourceTree = "<group>";
		};
		1BE6E1921C6B3623009D1838 /* Products */ = {
			isa = PBXGroup;
			children = (
				1BE6E1911C6B3623009D1838 /* Noughts and Crosses.app */,
			);
			name = Products;
			sourceTree = "<group>";
		};
		1BE6E1931C6B3623009D1838 /* Noughts and Crosses */ = {
			isa = PBXGroup;
			children = (
				1BE6E1941C6B3623009D1838 /* AppDelegate.swift */,
				1BE6E1961C6B3623009D1838 /* ViewController.swift */,
				1BE6E1981C6B3623009D1838 /* Main.storyboard */,
				1BE6E19B1C6B3623009D1838 /* Assets.xcassets */,
				1BE6E19D1C6B3623009D1838 /* LaunchScreen.storyboard */,
				1BE6E1A01C6B3623009D1838 /* Info.plist */,
			);
			path = "Noughts and Crosses";
			sourceTree = "<group>";
		};
/* End PBXGroup section */

/* Begin PBXNativeTarget section */
		1BE6E1901C6B3623009D1838 /* Noughts and Crosses */ = {
			isa = PBXNativeTarget;
			buildConfigurationList = 1BE6E1A31C6B3623009D1838 /* Build configuration list for PBXNativeTarget "Noughts and Crosses" */;
			buildPhases = (
				1BE6E18D1C6B3623009D1838 /* Sources */,
				1BE6E18E1C6B3623009D1838 /* Frameworks */,
				1BE6E18F1C6B3623009D1838 /* Resources */,
			);
			buildRules = (
			);
			dependencies = (
			);
			name = "Noughts and Crosses";
			productName = "Noughts and Crosses";
			productReference = 1BE6E1911C6B3623009D1838 /* Noughts and Crosses.app */;
			productType = "com.apple.product-type.application";
		};
/* End PBXNativeTarget section */

/* Begin PBXProject section */
		1BE6E1891C6B3623009D1838 /* Project object */ = {
			isa = PBXProject;
			attributes = {
				LastSwiftUpdateCheck = 0720;
				LastUpgradeCheck = 0720;
				ORGANIZATIONNAME = JustInCode;
				TargetAttributes = {
					1BE6E1901C6B3623009D1838 = {
						CreatedOnToolsVersion = 7.2.1;
						DevelopmentTeam = DX79ZG48KH;
					};
				};
			};
			buildConfigurationList = 1BE6E18C1C6B3623009D1838 /* Build configuration list for PBXProject "Noughts and Crosses" */;
			compatibilityVersion = "Xcode 3.2";
			developmentRegion = English;
			hasScannedForEncodings = 0;
			knownRegions = (
				en,
				Base,
			);
			mainGroup = 1BE6E1881C6B3623009D1838;
			productRefGroup = 1BE6E1921C6B3623009D1838 /* Products */;
			projectDirPath = "";
			projectRoot = "";
			targets = (
				1BE6E1901C6B3623009D1838 /* Noughts and Crosses */,
			);
		};
/* End PBXProject section */

/* Begin PBXResourcesBuildPhase section */
		1BE6E18F1C6B3623009D1838 /* Resources */ = {
			isa = PBXResourcesBuildPhase;
			buildActionMask = 2147483647;
			files = (
				1BE6E19F1C6B3623009D1838 /* LaunchScreen.storyboard in Resources */,
				1BE6E19C1C6B3623009D1838 /* Assets.xcassets in Resources */,
				1BE6E19A1C6B3623009D1838 /* Main.storyboard in Resources */,
			);
			runOnlyForDeploymentPostprocessing = 0;
		};
/* End PBXResourcesBuildPhase section */

/* Begin PBXSourcesBuildPhase section */
		1BE6E18D1C6B3623009D1838 /* Sources */ = {
			isa = PBXSourcesBuildPhase;
			buildActionMask = 2147483647;
			files = (
				1BE6E1971C6B3623009D1838 /* ViewController.swift in Sources */,
				1BE6E1951C6B3623009D1838 /* AppDelegate.swift in Sources */,
			);
			runOnlyForDeploymentPostprocessing = 0;
		};
/* End PBXSourcesBuildPhase section */

/* Begin PBXVariantGroup section */
		1BE6E1981C6B3623009D1838 /* Main.storyboard */ = {
			isa = PBXVariantGroup;
			children = (
				1BE6E1991C6B3623009D1838 /* Base */,
			);
			name = Main.storyboard;
			sourceTree = "<group>";
		};
		1BE6E19D1C6B3623009D1838 /* LaunchScreen.storyboard */ = {
			isa = PBXVariantGroup;
			children = (
				1BE6E19E1C6B3623009D1838 /* Base */,
			);
			name = LaunchScreen.storyboard;
			sourceTree = "<group>";
		};
/* End PBXVariantGroup section */

/* Begin XCBuildConfiguration section */
		1BE6E1A11C6B3623009D1838 /* Debug */ = {
			isa = XCBuildConfiguration;
			buildSettings = {
				ALWAYS_SEARCH_USER_PATHS = NO;
				CLANG_CXX_LANGUAGE_STANDARD = "gnu++0x";
				CLANG_CXX_LIBRARY = "libc++";
				CLANG_ENABLE_MODULES = YES;
				CLANG_ENABLE_OBJC_ARC = YES;
				CLANG_WARN_BOOL_CONVERSION = YES;
				CLANG_WARN_CONSTANT_CONVERSION = YES;
				CLANG_WARN_DIRECT_OBJC_ISA_USAGE = YES_ERROR;
				CLANG_WARN_EMPTY_BODY = YES;
				CLANG_WARN_ENUM_CONVERSION = YES;
				CLANG_WARN_INT_CONVERSION = YES;
				CLANG_WARN_OBJC_ROOT_CLASS = YES_ERROR;
				CLANG_WARN_UNREACHABLE_CODE = YES;
				CLANG_WARN__DUPLICATE_METHOD_MATCH = YES;
				"CODE_SIGN_IDENTITY[sdk=iphoneos*]" = "iPhone Developer";
				COPY_PHASE_STRIP = NO;
				DEBUG_INFORMATION_FORMAT = dwarf;
				ENABLE_STRICT_OBJC_MSGSEND = YES;
				ENABLE_TESTABILITY = YES;
				GCC_C_LANGUAGE_STANDARD = gnu99;
				GCC_DYNAMIC_NO_PIC = NO;
				GCC_NO_COMMON_BLOCKS = YES;
				GCC_OPTIMIZATION_LEVEL = 0;
				GCC_PREPROCESSOR_DEFINITIONS = (
					"DEBUG=1",
					"$(inherited)",
				);
				GCC_WARN_64_TO_32_BIT_CONVERSION = YES;
				GCC_WARN_ABOUT_RETURN_TYPE = YES_ERROR;
				GCC_WARN_UNDECLARED_SELECTOR = YES;
				GCC_WARN_UNINITIALIZED_AUTOS = YES_AGGRESSIVE;
				GCC_WARN_UNUSED_FUNCTION = YES;
				GCC_WARN_UNUSED_VARIABLE = YES;
				IPHONEOS_DEPLOYMENT_TARGET = 9.2;
				MTL_ENABLE_DEBUG_INFO = YES;
				ONLY_ACTIVE_ARCH = YES;
				SDKROOT = iphoneos;
				SWIFT_OPTIMIZATION_LEVEL = "-Onone";
			};
			name = Debug;
		};
		1BE6E1A21C6B3623009D1838 /* Release */ = {
			isa = XCBuildConfiguration;
			buildSettings = {
				ALWAYS_SEARCH_USER_PATHS = NO;
				CLANG_CXX_LANGUAGE_STANDARD = "gnu++0x";
				CLANG_CXX_LIBRARY = "libc++";
				CLANG_ENABLE_MODULES = YES;
				CLANG_ENABLE_OBJC_ARC = YES;
				CLANG_WARN_BOOL_CONVERSION = YES;
				CLANG_WARN_CONSTANT_CONVERSION = YES;
				CLANG_WARN_DIRECT_OBJC_ISA_USAGE = YES_ERROR;
				CLANG_WARN_EMPTY_BODY = YES;
				CLANG_WARN_ENUM_CONVERSION = YES;
				CLANG_WARN_INT_CONVERSION = YES;
				CLANG_WARN_OBJC_ROOT_CLASS = YES_ERROR;
				CLANG_WARN_UNREACHABLE_CODE = YES;
				CLANG_WARN__DUPLICATE_METHOD_MATCH = YES;
				"CODE_SIGN_IDENTITY[sdk=iphoneos*]" = "iPhone Developer";
				COPY_PHASE_STRIP = NO;
				DEBUG_INFORMATION_FORMAT = "dwarf-with-dsym";
				ENABLE_NS_ASSERTIONS = NO;
				ENABLE_STRICT_OBJC_MSGSEND = YES;
				GCC_C_LANGUAGE_STANDARD = gnu99;
				GCC_NO_COMMON_BLOCKS = YES;
				GCC_WARN_64_TO_32_BIT_CONVERSION = YES;
				GCC_WARN_ABOUT_RETURN_TYPE = YES_ERROR;
				GCC_WARN_UNDECLARED_SELECTOR = YES;
				GCC_WARN_UNINITIALIZED_AUTOS = YES_AGGRESSIVE;
				GCC_WARN_UNUSED_FUNCTION = YES;
				GCC_WARN_UNUSED_VARIABLE = YES;
				IPHONEOS_DEPLOYMENT_TARGET = 9.2;
				MTL_ENABLE_DEBUG_INFO = NO;
				SDKROOT = iphoneos;
				VALIDATE_PRODUCT = YES;
			};
			name = Release;
		};
		1BE6E1A41C6B3623009D1838 /* Debug */ = {
			isa = XCBuildConfiguration;
			buildSettings = {
				ASSETCATALOG_COMPILER_APPICON_NAME = AppIcon;
				INFOPLIST_FILE = "Noughts and Crosses/Info.plist";
				LD_RUNPATH_SEARCH_PATHS = "$(inherited) @executable_path/Frameworks";
				PRODUCT_BUNDLE_IDENTIFIER = "com.justincode.Noughts-and-Crosses";
				PRODUCT_NAME = "$(TARGET_NAME)";
			};
			name = Debug;
		};
		1BE6E1A51C6B3623009D1838 /* Release */ = {
			isa = XCBuildConfiguration;
			buildSettings = {
				ASSETCATALOG_COMPILER_APPICON_NAME = AppIcon;
				INFOPLIST_FILE = "Noughts and Crosses/Info.plist";
				LD_RUNPATH_SEARCH_PATHS = "$(inherited) @executable_path/Frameworks";
				PRODUCT_BUNDLE_IDENTIFIER = "com.justincode.Noughts-and-Crosses";
				PRODUCT_NAME = "$(TARGET_NAME)";
			};
			name = Release;
		};
/* End XCBuildConfiguration section */

/* Begin XCConfigurationList section */
		1BE6E18C1C6B3623009D1838 /* Build configuration list for PBXProject "Noughts and Crosses" */ = {
			isa = XCConfigurationList;
			buildConfigurations = (
				1BE6E1A11C6B3623009D1838 /* Debug */,
				1BE6E1A21C6B3623009D1838 /* Release */,
			);
			defaultConfigurationIsVisible = 0;
			defaultConfigurationName = Release;
		};
		1BE6E1A31C6B3623009D1838 /* Build configuration list for PBXNativeTarget "Noughts and Crosses" */ = {
			isa = XCConfigurationList;
			buildConfigurations = (
				1BE6E1A41C6B3623009D1838 /* Debug */,
				1BE6E1A51C6B3623009D1838 /* Release */,
			);
			defaultConfigurationIsVisible = 0;
		};
/* End XCConfigurationList section */
	};
	rootObject = 1BE6E1891C6B3623009D1838 /* Project object */;
}
